{
    "_meta": {
        "hash": {
            "sha256": "7a7a4a0372ae7c6114718d062b83008d9abd8d5f665d111fce0f6788c94de0f3"
        },
        "pipfile-spec": 6,
        "requires": {},
        "sources": [
            {
                "name": "pypi",
                "url": "https://pypi.org/simple",
                "verify_ssl": true
            }
        ]
    },
    "default": {
        "argparse": {
            "hashes": [
                "sha256:62b089a55be1d8949cd2bc7e0df0bddb9e028faefc8c32038cc84862aefdd6e4",
                "sha256:c31647edb69fd3d465a847ea3157d37bed1f95f19760b11a47aa91c04b666314"
            ],
            "index": "pypi",
            "version": "==1.4.0"
        },
        "pathlib": {
            "hashes": [
                "sha256:6940718dfc3eff4258203ad5021090933e5c04707d5ca8cc9e73c94a7894ea9f",
                "sha256:f35f95ab8b0f59e6d354090350b44a80a80635d22efdedfa84c7ad1cf0a74147"
            ],
            "index": "pypi",
            "version": "==1.0.1"
        }
    },
    "develop": {
        "autopep8": {
            "hashes": [
                "sha256:5cfe45eb3bef8662f6a3c7e28b7c0310c7310d340074b7f0f28f9810b44b7ef4",
                "sha256:b716efa70cbafbf4a2c9c5ec1cabfa037a68f9e30b04c74ffa5864dd49b8f7d2"
            ],
            "index": "pypi",
            "markers": "python_version >= '3.8'",
            "version": "==2.3.0"
        },
        "pycodestyle": {
            "hashes": [
                "sha256:442f950141b4f43df752dd303511ffded3a04c2b6fb7f65980574f0c31e6e79c",
                "sha256:949a39f6b86c3e1515ba1787c2022131d165a8ad271b11370a8819aa070269e4"
            ],
            "markers": "python_version >= '3.8'",
            "version": "==2.12.0"
        }
    }
}
